
Microsoft Visual Studio Solution File, Format Version 12.00
# Visual Studio 15
VisualStudioVersion = 15.0.26124.0
MinimumVisualStudioVersion = 15.0.26124.0
Project("{FAE04EC0-301F-11D3-BF4B-00C04F79EFBC}") = "AttemptCheckerTest", "AttemptCheckerTest\AttemptCheckerTest.csproj", "{DB81320C-4485-4FDB-BC3A-1BA96D0A966F}"
EndProject
Project("{FAE04EC0-301F-11D3-BF4B-00C04F79EFBC}") = "AttempCheckerLib", "AttempCheckerLib\AttempCheckerLib.csproj", "{DD81B24C-05BD-4ADA-BDF4-5153AFADD79C}"
EndProject
Project("{FAE04EC0-301F-11D3-BF4B-00C04F79EFBC}") = "AttemptCheckerApplication", "AttemptCheckerApplication\AttemptCheckerApplication.csproj", "{65EC464F-469E-404F-8100-3EDF3A1291DF}"
EndProject
Global
	GlobalSection(SolutionConfigurationPlatforms) = preSolution
		Debug|Any CPU = Debug|Any CPU
		Debug|x64 = Debug|x64
		Debug|x86 = Debug|x86
		Release|Any CPU = Release|Any CPU
		Release|x64 = Release|x64
		Release|x86 = Release|x86
	EndGlobalSection
	GlobalSection(SolutionProperties) = preSolution
		HideSolutionNode = FALSE
	EndGlobalSection
	GlobalSection(ProjectConfigurationPlatforms) = postSolution
		{DB81320C-4485-4FDB-BC3A-1BA96D0A966F}.Debug|Any CPU.ActiveCfg = Debug|Any CPU
		{DB81320C-4485-4FDB-BC3A-1BA96D0A966F}.Debug|Any CPU.Build.0 = Debug|Any CPU
		{DB81320C-4485-4FDB-BC3A-1BA96D0A966F}.Debug|x64.ActiveCfg = Debug|Any CPU
		{DB81320C-4485-4FDB-BC3A-1BA96D0A966F}.Debug|x64.Build.0 = Debug|Any CPU
		{DB81320C-4485-4FDB-BC3A-1BA96D0A966F}.Debug|x86.ActiveCfg = Debug|Any CPU
		{DB81320C-4485-4FDB-BC3A-1BA96D0A966F}.Debug|x86.Build.0 = Debug|Any CPU
		{DB81320C-4485-4FDB-BC3A-1BA96D0A966F}.Release|Any CPU.ActiveCfg = Release|Any CPU
		{DB81320C-4485-4FDB-BC3A-1BA96D0A966F}.Release|Any CPU.Build.0 = Release|Any CPU
		{DB81320C-4485-4FDB-BC3A-1BA96D0A966F}.Release|x64.ActiveCfg = Release|Any CPU
		{DB81320C-4485-4FDB-BC3A-1BA96D0A966F}.Release|x64.Build.0 = Release|Any CPU
		{DB81320C-4485-4FDB-BC3A-1BA96D0A966F}.Release|x86.ActiveCfg = Release|Any CPU
		{DB81320C-4485-4FDB-BC3A-1BA96D0A966F}.Release|x86.Build.0 = Release|Any CPU
		{DD81B24C-05BD-4ADA-BDF4-5153AFADD79C}.Debug|Any CPU.ActiveCfg = Debug|Any CPU
		{DD81B24C-05BD-4ADA-BDF4-5153AFADD79C}.Debug|Any CPU.Build.0 = Debug|Any CPU
		{DD81B24C-05BD-4ADA-BDF4-5153AFADD79C}.Debug|x64.ActiveCfg = Debug|Any CPU
		{DD81B24C-05BD-4ADA-BDF4-5153AFADD79C}.Debug|x64.Build.0 = Debug|Any CPU
		{DD81B24C-05BD-4ADA-BDF4-5153AFADD79C}.Debug|x86.ActiveCfg = Debug|Any CPU
		{DD81B24C-05BD-4ADA-BDF4-5153AFADD79C}.Debug|x86.Build.0 = Debug|Any CPU
		{DD81B24C-05BD-4ADA-BDF4-5153AFADD79C}.Release|Any CPU.ActiveCfg = Release|Any CPU
		{DD81B24C-05BD-4ADA-BDF4-5153AFADD79C}.Release|Any CPU.Build.0 = Release|Any CPU
		{DD81B24C-05BD-4ADA-BDF4-5153AFADD79C}.Release|x64.ActiveCfg = Release|Any CPU
		{DD81B24C-05BD-4ADA-BDF4-5153AFADD79C}.Release|x64.Build.0 = Release|Any CPU
		{DD81B24C-05BD-4ADA-BDF4-5153AFADD79C}.Release|x86.ActiveCfg = Release|Any CPU
		{DD81B24C-05BD-4ADA-BDF4-5153AFADD79C}.Release|x86.Build.0 = Release|Any CPU
		{65EC464F-469E-404F-8100-3EDF3A1291DF}.Debug|Any CPU.ActiveCfg = Debug|Any CPU
		{65EC464F-469E-404F-8100-3EDF3A1291DF}.Debug|Any CPU.Build.0 = Debug|Any CPU
		{65EC464F-469E-404F-8100-3EDF3A1291DF}.Debug|x64.ActiveCfg = Debug|Any CPU
		{65EC464F-469E-404F-8100-3EDF3A1291DF}.Debug|x64.Build.0 = Debug|Any CPU
		{65EC464F-469E-404F-8100-3EDF3A1291DF}.Debug|x86.ActiveCfg = Debug|Any CPU
		{65EC464F-469E-404F-8100-3EDF3A1291DF}.Debug|x86.Build.0 = Debug|Any CPU
		{65EC464F-469E-404F-8100-3EDF3A1291DF}.Release|Any CPU.ActiveCfg = Release|Any CPU
		{65EC464F-469E-404F-8100-3EDF3A1291DF}.Release|Any CPU.Build.0 = Release|Any CPU
		{65EC464F-469E-404F-8100-3EDF3A1291DF}.Release|x64.ActiveCfg = Release|Any CPU
		{65EC464F-469E-404F-8100-3EDF3A1291DF}.Release|x64.Build.0 = Release|Any CPU
		{65EC464F-469E-404F-8100-3EDF3A1291DF}.Release|x86.ActiveCfg = Release|Any CPU
		{65EC464F-469E-404F-8100-3EDF3A1291DF}.Release|x86.Build.0 = Release|Any CPU
	EndGlobalSection
EndGlobal
